
Microsoft Visual Studio Solution File, Format Version 12.00
# Visual Studio Version 16
VisualStudioVersion = 16.0.31313.79
MinimumVisualStudioVersion = 10.0.40219.1
Project("{FAE04EC0-301F-11D3-BF4B-00C04F79EFBC}") = "Tome", "Tome\Tome.csproj", "{F44E85EB-C874-415D-B633-98C38F9E8A09}"
EndProject
Global
	GlobalSection(SolutionConfigurationPlatforms) = preSolution
		Debug|ARM = Debug|ARM
		Debug|ARM64 = Debug|ARM64
		Debug|x64 = Debug|x64
		Debug|x86 = Debug|x86
		Release|ARM = Release|ARM
		Release|ARM64 = Release|ARM64
		Release|x64 = Release|x64
		Release|x86 = Release|x86
	EndGlobalSection
	GlobalSection(ProjectConfigurationPlatforms) = postSolution
		{F44E85EB-C874-415D-B633-98C38F9E8A09}.Debug|ARM.ActiveCfg = Debug|ARM
		{F44E85EB-C874-415D-B633-98C38F9E8A09}.Debug|ARM.Build.0 = Debug|ARM
		{F44E85EB-C874-415D-B633-98C38F9E8A09}.Debug|ARM.Deploy.0 = Debug|ARM
		{F44E85EB-C874-415D-B633-98C38F9E8A09}.Debug|ARM64.ActiveCfg = Debug|ARM64
		{F44E85EB-C874-415D-B633-98C38F9E8A09}.Debug|ARM64.Build.0 = Debug|ARM64
		{F44E85EB-C874-415D-B633-98C38F9E8A09}.Debug|ARM64.Deploy.0 = Debug|ARM64
		{F44E85EB-C874-415D-B633-98C38F9E8A09}.Debug|x64.ActiveCfg = Debug|x64
		{F44E85EB-C874-415D-B633-98C38F9E8A09}.Debug|x64.Build.0 = Debug|x64
		{F44E85EB-C874-415D-B633-98C38F9E8A09}.Debug|x64.Deploy.0 = Debug|x64
		{F44E85EB-C874-415D-B633-98C38F9E8A09}.Debug|x86.ActiveCfg = Debug|x86
		{F44E85EB-C874-415D-B633-98C38F9E8A09}.Debug|x86.Build.0 = Debug|x86
		{F44E85EB-C874-415D-B633-98C38F9E8A09}.Debug|x86.Deploy.0 = Debug|x86
		{F44E85EB-C874-415D-B633-98C38F9E8A09}.Release|ARM.ActiveCfg = Release|ARM
		{F44E85EB-C874-415D-B633-98C38F9E8A09}.Release|ARM.Build.0 = Release|ARM
		{F44E85EB-C874-415D-B633-98C38F9E8A09}.Release|ARM.Deploy.0 = Release|ARM
		{F44E85EB-C874-415D-B633-98C38F9E8A09}.Release|ARM64.ActiveCfg = Release|ARM64
		{F44E85EB-C874-415D-B633-98C38F9E8A09}.Release|ARM64.Build.0 = Release|ARM64
		{F44E85EB-C874-415D-B633-98C38F9E8A09}.Release|ARM64.Deploy.0 = Release|ARM64
		{F44E85EB-C874-415D-B633-98C38F9E8A09}.Release|x64.ActiveCfg = Release|x64
		{F44E85EB-C874-415D-B633-98C38F9E8A09}.Release|x64.Build.0 = Release|x64
		{F44E85EB-C874-415D-B633-98C38F9E8A09}.Release|x64.Deploy.0 = Release|x64
		{F44E85EB-C874-415D-B633-98C38F9E8A09}.Release|x86.ActiveCfg = Release|x86
		{F44E85EB-C874-415D-B633-98C38F9E8A09}.Release|x86.Build.0 = Release|x86
		{F44E85EB-C874-415D-B633-98C38F9E8A09}.Release|x86.Deploy.0 = Release|x86
	EndGlobalSection
	GlobalSection(SolutionProperties) = preSolution
		HideSolutionNode = FALSE
	EndGlobalSection
	GlobalSection(ExtensibilityGlobals) = postSolution
		SolutionGuid = {39E13BD1-7191-47F3-A94F-3F750253B436}
	EndGlobalSection
EndGlobal
